
Microsoft Visual Studio Solution File, Format Version 12.00
# Visual Studio Version 16
VisualStudioVersion = 16.0.32602.291
MinimumVisualStudioVersion = 10.0.40219.1
Project("{FAE04EC0-301F-11D3-BF4B-00C04F79EFBC}") = "FindAll", "FindAll\FindAll.csproj", "{3BB30939-2952-4729-9BBD-A175404E3A5D}"
EndProject
Global
	GlobalSection(SolutionConfigurationPlatforms) = preSolution
		Debug|Any CPU = Debug|Any CPU
		Release|Any CPU = Release|Any CPU
	EndGlobalSection
	GlobalSection(ProjectConfigurationPlatforms) = postSolution
		{3BB30939-2952-4729-9BBD-A175404E3A5D}.Debug|Any CPU.ActiveCfg = Debug|Any CPU
		{3BB30939-2952-4729-9BBD-A175404E3A5D}.Debug|Any CPU.Build.0 = Debug|Any CPU
		{3BB30939-2952-4729-9BBD-A175404E3A5D}.Release|Any CPU.ActiveCfg = Release|Any CPU
		{3BB30939-2952-4729-9BBD-A175404E3A5D}.Release|Any CPU.Build.0 = Release|Any CPU
	EndGlobalSection
	GlobalSection(SolutionProperties) = preSolution
		HideSolutionNode = FALSE
	EndGlobalSection
	GlobalSection(ExtensibilityGlobals) = postSolution
		SolutionGuid = {BE158B8D-CD8B-4D75-943B-F23BC10CBB81}
	EndGlobalSection
EndGlobal
